{
  "lockfileVersion": 1,
  "configVersion": 1,
  "workspaces": {
    "": {
      "name": "strait-monorepo",
      "devDependencies": {
        "turbo": "^2.8.15",
      },
    },
    "apps/strait": {
      "name": "@apps/strait",
    },
  },
  "packages": {
    "@apps/strait": ["@apps/strait@workspace:apps/strait"],

    "turbo": ["turbo@2.8.15", "", { "optionalDependencies": { "turbo-darwin-64": "2.8.15", "turbo-darwin-arm64": "2.8.15", "turbo-linux-64": "2.8.15", "turbo-linux-arm64": "2.8.15", "turbo-windows-64": "2.8.15", "turbo-windows-arm64": "2.8.15" }, "bin": { "turbo": "bin/turbo" } }, "sha512-ERZf7pKOR155NKs/PZt1+83NrSEJfUL7+p9/TGZg/8xzDVMntXEFQlX4CsNJQTyu4h3j+dZYiQWOOlv5pssuHQ=="],

    "turbo-darwin-64": ["turbo-darwin-64@2.8.15", "", { "os": "darwin", "cpu": "x64" }, "sha512-EElCh+Ltxex9lXYrouV3hHjKP3HFP31G91KMghpNHR/V99CkFudRcHcnWaorPbzAZizH1m8o2JkLL8rptgb8WQ=="],

    "turbo-darwin-arm64": ["turbo-darwin-arm64@2.8.15", "", { "os": "darwin", "cpu": "arm64" }, "sha512-ORmvtqHiHwvNynSWvLIleyU8dKtwQ4ILk39VsEwfKSEzSHWYWYxZhBmD9GAGRPlNl7l7S1irrziBlDEGVpq+vQ=="],

    "turbo-linux-64": ["turbo-linux-64@2.8.15", "", { "os": "linux", "cpu": "x64" }, "sha512-Bk1E61a+PCWUTfhqfXFlhEJMLp6nak0J0Qt14IZX1og1zyaiBLkM6M1GQFbPpiWfbUcdLwRaYQhO0ySB07AJ8w=="],

    "turbo-linux-arm64": ["turbo-linux-arm64@2.8.15", "", { "os": "linux", "cpu": "arm64" }, "sha512-3BX0Vk+XkP0uiZc8pkjQGNsAWjk5ojC53bQEMp6iuhSdWpEScEFmcT6p7DL7bcJmhP2mZ1HlAu0A48wrTGCtvg=="],

    "turbo-windows-64": ["turbo-windows-64@2.8.15", "", { "os": "win32", "cpu": "x64" }, "sha512-m14ogunMF+grHZ1jzxSCO6q0gEfF1tmr+0LU+j1QNd/M1X33tfKnQqmpkeUR/REsGjfUlkQlh6PAzqlT3cA3Pg=="],

    "turbo-windows-arm64": ["turbo-windows-arm64@2.8.15", "", { "os": "win32", "cpu": "arm64" }, "sha512-HWh6dnzhl7nu5gRwXeqP61xbyDBNmQ4UCeWNa+si4/6RAtHlKEcZTNs7jf4U+oqBnbtv4uxbKZZPf/kN0EK4+A=="],
  }
}
